// !$*UTF8*$!
{
	archiveVersion = 1;
	classes = {
	};
	objectVersion = 51;
	objects = {

/* Begin PBXBuildFile section */
		7076E8E226664D00003FC709 /* THEmpgtL_U.otf in Resources */ = {isa = PBXBuildFile; fileRef = 7076E8E126664CFF003FC709 /* THEmpgtL_U.otf */; };
		7076E8E526664D08003FC709 /* THEmpgtEB_U.otf in Resources */ = {isa = PBXBuildFile; fileRef = 7076E8E426664D08003FC709 /* THEmpgtEB_U.otf */; };
		7076E8E826664D10003FC709 /* THEmpgtR.otf in Resources */ = {isa = PBXBuildFile; fileRef = 7076E8E726664D10003FC709 /* THEmpgtR.otf */; };
		7076E8EB26664D1D003FC709 /* THEmpgtM_U.otf in Resources */ = {isa = PBXBuildFile; fileRef = 7076E8EA26664D1D003FC709 /* THEmpgtM_U.otf */; };
		7076E8EE26668C3E003FC709 /* WebViewController.swift in Sources */ = {isa = PBXBuildFile; fileRef = 7076E8ED26668C3C003FC709 /* WebViewController.swift */; };
		70A7B2D2265EBD050003ED10 /* CompareTVC.swift in Sources */ = {isa = PBXBuildFile; fileRef = 70A7B2D0265EBD050003ED10 /* CompareTVC.swift */; };
		70A7B2D3265EBD050003ED10 /* CompareTVC.xib in Resources */ = {isa = PBXBuildFile; fileRef = 70A7B2D1265EBD050003ED10 /* CompareTVC.xib */; };
		70A7B2D6265F6BD70003ED10 /* ViewController+makeAlert.swift in Sources */ = {isa = PBXBuildFile; fileRef = 70A7B2D5265F6BD70003ED10 /* ViewController+makeAlert.swift */; };
		70A7B2DB265F7EAA0003ED10 /* center.json in Resources */ = {isa = PBXBuildFile; fileRef = 70A7B2DA265F7EAA0003ED10 /* center.json */; };
		70A7B2DE265F7EBF0003ED10 /* avgs.json in Resources */ = {isa = PBXBuildFile; fileRef = 70A7B2DD265F7EBF0003ED10 /* avgs.json */; };
		70A7B2E5265F98A30003ED10 /* DonateViewController.swift in Sources */ = {isa = PBXBuildFile; fileRef = 70A7B2E4265F98A20003ED10 /* DonateViewController.swift */; };
		70A7B2E9265F99EB0003ED10 /* DonateTVC.swift in Sources */ = {isa = PBXBuildFile; fileRef = 70A7B2E7265F99EB0003ED10 /* DonateTVC.swift */; };
		70A7B2EA265F99EB0003ED10 /* DonateTVC.xib in Resources */ = {isa = PBXBuildFile; fileRef = 70A7B2E8265F99EB0003ED10 /* DonateTVC.xib */; };
		70BE63A82657729600F2678F /* AppDelegate.swift in Sources */ = {isa = PBXBuildFile; fileRef = 70BE63A72657729600F2678F /* AppDelegate.swift */; };
		70BE63AA2657729600F2678F /* SceneDelegate.swift in Sources */ = {isa = PBXBuildFile; fileRef = 70BE63A92657729600F2678F /* SceneDelegate.swift */; };
		70BE63AC2657729600F2678F /* ViewController.swift in Sources */ = {isa = PBXBuildFile; fileRef = 70BE63AB2657729600F2678F /* ViewController.swift */; };
		70BE63AF2657729600F2678F /* Main.storyboard in Resources */ = {isa = PBXBuildFile; fileRef = 70BE63AD2657729600F2678F /* Main.storyboard */; };
		70BE63B12657729900F2678F /* Assets.xcassets in Resources */ = {isa = PBXBuildFile; fileRef = 70BE63B02657729900F2678F /* Assets.xcassets */; };
		70BE63B42657729900F2678F /* LaunchScreen.storyboard in Resources */ = {isa = PBXBuildFile; fileRef = 70BE63B22657729900F2678F /* LaunchScreen.storyboard */; };
		70BE63BD265788D000F2678F /* MapViewController.swift in Sources */ = {isa = PBXBuildFile; fileRef = 70BE63BC265788D000F2678F /* MapViewController.swift */; };
		70BE63C026578E2200F2678F /* NavigationViewController.swift in Sources */ = {isa = PBXBuildFile; fileRef = 70BE63BF26578E2200F2678F /* NavigationViewController.swift */; };
		70BE63CC2657915300F2678F /* ModeCVC.swift in Sources */ = {isa = PBXBuildFile; fileRef = 70BE63CA2657915300F2678F /* ModeCVC.swift */; };
		70BE63CD2657915300F2678F /* ModeCVC.xib in Resources */ = {isa = PBXBuildFile; fileRef = 70BE63CB2657915300F2678F /* ModeCVC.xib */; };
		70BE63D12657917F00F2678F /* ElectronicTVC.swift in Sources */ = {isa = PBXBuildFile; fileRef = 70BE63CF2657917F00F2678F /* ElectronicTVC.swift */; };
		70BE63D22657917F00F2678F /* ElectronicTVC.xib in Resources */ = {isa = PBXBuildFile; fileRef = 70BE63D02657917F00F2678F /* ElectronicTVC.xib */; };
		70BE63D92657983B00F2678F /* Font Awesome 5 Free-Solid-900.otf in Resources */ = {isa = PBXBuildFile; fileRef = 70BE63D62657983B00F2678F /* Font Awesome 5 Free-Solid-900.otf */; };
		70BE63DA2657983B00F2678F /* Font Awesome 5 Brands-Regular-400.otf in Resources */ = {isa = PBXBuildFile; fileRef = 70BE63D72657983B00F2678F /* Font Awesome 5 Brands-Regular-400.otf */; };
		70BE63DB2657983B00F2678F /* Font Awesome 5 Free-Regular-400.otf in Resources */ = {isa = PBXBuildFile; fileRef = 70BE63D82657983B00F2678F /* Font Awesome 5 Free-Regular-400.otf */; };
		70BE63DF2657A29A00F2678F /* ElectronicModel.swift in Sources */ = {isa = PBXBuildFile; fileRef = 70BE63DE2657A29A00F2678F /* ElectronicModel.swift */; };
		70BE63E32657D7C500F2678F /* ModeModel.swift in Sources */ = {isa = PBXBuildFile; fileRef = 70BE63E22657D7C400F2678F /* ModeModel.swift */; };
		70BE63E72657F20E00F2678F /* UIColor.swift in Sources */ = {isa = PBXBuildFile; fileRef = 70BE63E62657F20E00F2678F /* UIColor.swift */; };
		E6CF79B4BBE601639E9F106C /* Pods_echoHackathon.framework in Frameworks */ = {isa = PBXBuildFile; fileRef = 91285986F06778138A798D86 /* Pods_echoHackathon.framework */; };
/* End PBXBuildFile section */

/* Begin PBXFileReference section */
		6CEAED4FF99B69F5B3BA410E /* Pods-echoHackathon.release.xcconfig */ = {isa = PBXFileReference; includeInIndex = 1; lastKnownFileType = text.xcconfig; name = "Pods-echoHackathon.release.xcconfig"; path = "Target Support Files/Pods-echoHackathon/Pods-echoHackathon.release.xcconfig"; sourceTree = "<group>"; };
		7076E8E126664CFF003FC709 /* THEmpgtL_U.otf */ = {isa = PBXFileReference; lastKnownFileType = file; path = THEmpgtL_U.otf; sourceTree = "<group>"; };
		7076E8E426664D08003FC709 /* THEmpgtEB_U.otf */ = {isa = PBXFileReference; lastKnownFileType = file; path = THEmpgtEB_U.otf; sourceTree = "<group>"; };
		7076E8E726664D10003FC709 /* THEmpgtR.otf */ = {isa = PBXFileReference; lastKnownFileType = file; path = THEmpgtR.otf; sourceTree = "<group>"; };
		7076E8EA26664D1D003FC709 /* THEmpgtM_U.otf */ = {isa = PBXFileReference; lastKnownFileType = file; path = THEmpgtM_U.otf; sourceTree = "<group>"; };
		7076E8ED26668C3C003FC709 /* WebViewController.swift */ = {isa = PBXFileReference; lastKnownFileType = sourcecode.swift; path = WebViewController.swift; sourceTree = "<group>"; };
		70A7B2D0265EBD050003ED10 /* CompareTVC.swift */ = {isa = PBXFileReference; lastKnownFileType = sourcecode.swift; path = CompareTVC.swift; sourceTree = "<group>"; };
		70A7B2D1265EBD050003ED10 /* CompareTVC.xib */ = {isa = PBXFileReference; lastKnownFileType = file.xib; path = CompareTVC.xib; sourceTree = "<group>"; };
		70A7B2D5265F6BD70003ED10 /* ViewController+makeAlert.swift */ = {isa = PBXFileReference; lastKnownFileType = sourcecode.swift; path = "ViewController+makeAlert.swift"; sourceTree = "<group>"; };
		70A7B2DA265F7EAA0003ED10 /* center.json */ = {isa = PBXFileReference; fileEncoding = 4; lastKnownFileType = text.json; path = center.json; sourceTree = "<group>"; };
		70A7B2DD265F7EBF0003ED10 /* avgs.json */ = {isa = PBXFileReference; fileEncoding = 4; lastKnownFileType = text.json; path = avgs.json; sourceTree = "<group>"; };
		70A7B2E4265F98A20003ED10 /* DonateViewController.swift */ = {isa = PBXFileReference; lastKnownFileType = sourcecode.swift; path = DonateViewController.swift; sourceTree = "<group>"; };
		70A7B2E7265F99EB0003ED10 /* DonateTVC.swift */ = {isa = PBXFileReference; lastKnownFileType = sourcecode.swift; path = DonateTVC.swift; sourceTree = "<group>"; };
		70A7B2E8265F99EB0003ED10 /* DonateTVC.xib */ = {isa = PBXFileReference; lastKnownFileType = file.xib; path = DonateTVC.xib; sourceTree = "<group>"; };
		70BE63A42657729600F2678F /* echoHackathon.app */ = {isa = PBXFileReference; explicitFileType = wrapper.application; includeInIndex = 0; path = echoHackathon.app; sourceTree = BUILT_PRODUCTS_DIR; };
		70BE63A72657729600F2678F /* AppDelegate.swift */ = {isa = PBXFileReference; lastKnownFileType = sourcecode.swift; path = AppDelegate.swift; sourceTree = "<group>"; };
		70BE63A92657729600F2678F /* SceneDelegate.swift */ = {isa = PBXFileReference; lastKnownFileType = sourcecode.swift; path = SceneDelegate.swift; sourceTree = "<group>"; };
		70BE63AB2657729600F2678F /* ViewController.swift */ = {isa = PBXFileReference; lastKnownFileType = sourcecode.swift; path = ViewController.swift; sourceTree = "<group>"; };
		70BE63AE2657729600F2678F /* Base */ = {isa = PBXFileReference; lastKnownFileType = file.storyboard; name = Base; path = Base.lproj/Main.storyboard; sourceTree = "<group>"; };
		70BE63B02657729900F2678F /* Assets.xcassets */ = {isa = PBXFileReference; lastKnownFileType = folder.assetcatalog; path = Assets.xcassets; sourceTree = "<group>"; };
		70BE63B32657729900F2678F /* Base */ = {isa = PBXFileReference; lastKnownFileType = file.storyboard; name = Base; path = Base.lproj/LaunchScreen.storyboard; sourceTree = "<group>"; };
		70BE63B52657729900F2678F /* Info.plist */ = {isa = PBXFileReference; lastKnownFileType = text.plist.xml; path = Info.plist; sourceTree = "<group>"; };
		70BE63BC265788D000F2678F /* MapViewController.swift */ = {isa = PBXFileReference; lastKnownFileType = sourcecode.swift; path = MapViewController.swift; sourceTree = "<group>"; };
		70BE63BF26578E2200F2678F /* NavigationViewController.swift */ = {isa = PBXFileReference; lastKnownFileType = sourcecode.swift; path = NavigationViewController.swift; sourceTree = "<group>"; };
		70BE63CA2657915300F2678F /* ModeCVC.swift */ = {isa = PBXFileReference; lastKnownFileType = sourcecode.swift; path = ModeCVC.swift; sourceTree = "<group>"; };
		70BE63CB2657915300F2678F /* ModeCVC.xib */ = {isa = PBXFileReference; lastKnownFileType = file.xib; path = ModeCVC.xib; sourceTree = "<group>"; };
		70BE63CF2657917F00F2678F /* ElectronicTVC.swift */ = {isa = PBXFileReference; lastKnownFileType = sourcecode.swift; path = ElectronicTVC.swift; sourceTree = "<group>"; };
		70BE63D02657917F00F2678F /* ElectronicTVC.xib */ = {isa = PBXFileReference; lastKnownFileType = file.xib; path = ElectronicTVC.xib; sourceTree = "<group>"; };
		70BE63D62657983B00F2678F /* Font Awesome 5 Free-Solid-900.otf */ = {isa = PBXFileReference; lastKnownFileType = file; path = "Font Awesome 5 Free-Solid-900.otf"; sourceTree = "<group>"; };
		70BE63D72657983B00F2678F /* Font Awesome 5 Brands-Regular-400.otf */ = {isa = PBXFileReference; lastKnownFileType = file; path = "Font Awesome 5 Brands-Regular-400.otf"; sourceTree = "<group>"; };
		70BE63D82657983B00F2678F /* Font Awesome 5 Free-Regular-400.otf */ = {isa = PBXFileReference; lastKnownFileType = file; path = "Font Awesome 5 Free-Regular-400.otf"; sourceTree = "<group>"; };
		70BE63DE2657A29A00F2678F /* ElectronicModel.swift */ = {isa = PBXFileReference; lastKnownFileType = sourcecode.swift; path = ElectronicModel.swift; sourceTree = "<group>"; };
		70BE63E22657D7C400F2678F /* ModeModel.swift */ = {isa = PBXFileReference; lastKnownFileType = sourcecode.swift; path = ModeModel.swift; sourceTree = "<group>"; };
		70BE63E62657F20E00F2678F /* UIColor.swift */ = {isa = PBXFileReference; lastKnownFileType = sourcecode.swift; path = UIColor.swift; sourceTree = "<group>"; };
		91285986F06778138A798D86 /* Pods_echoHackathon.framework */ = {isa = PBXFileReference; explicitFileType = wrapper.framework; includeInIndex = 0; path = Pods_echoHackathon.framework; sourceTree = BUILT_PRODUCTS_DIR; };
		D61743783FDC8A03885641C3 /* Pods-echoHackathon.debug.xcconfig */ = {isa = PBXFileReference; includeInIndex = 1; lastKnownFileType = text.xcconfig; name = "Pods-echoHackathon.debug.xcconfig"; path = "Target Support Files/Pods-echoHackathon/Pods-echoHackathon.debug.xcconfig"; sourceTree = "<group>"; };
/* End PBXFileReference section */

/* Begin PBXFrameworksBuildPhase section */
		70BE63A12657729600F2678F /* Frameworks */ = {
			isa = PBXFrameworksBuildPhase;
			buildActionMask = 2147483647;
			files = (
				E6CF79B4BBE601639E9F106C /* Pods_echoHackathon.framework in Frameworks */,
			);
			runOnlyForDeploymentPostprocessing = 0;
		};
/* End PBXFrameworksBuildPhase section */

/* Begin PBXGroup section */
		5023384B3B4425D81DB435B8 /* Frameworks */ = {
			isa = PBXGroup;
			children = (
				91285986F06778138A798D86 /* Pods_echoHackathon.framework */,
			);
			name = Frameworks;
			sourceTree = "<group>";
		};
		70A7B2D9265F7E9E0003ED10 /* JSON */ = {
			isa = PBXGroup;
			children = (
				70A7B2DD265F7EBF0003ED10 /* avgs.json */,
				70A7B2DA265F7EAA0003ED10 /* center.json */,
			);
			path = JSON;
			sourceTree = "<group>";
		};
		70BE639B2657729600F2678F = {
			isa = PBXGroup;
			children = (
				70BE63A62657729600F2678F /* echoHackathon */,
				70BE63A52657729600F2678F /* Products */,
				A6F73C927D8C03B4A4C9FD64 /* Pods */,
				5023384B3B4425D81DB435B8 /* Frameworks */,
			);
			sourceTree = "<group>";
		};
		70BE63A52657729600F2678F /* Products */ = {
			isa = PBXGroup;
			children = (
				70BE63A42657729600F2678F /* echoHackathon.app */,
			);
			name = Products;
			sourceTree = "<group>";
		};
		70BE63A62657729600F2678F /* echoHackathon */ = {
			isa = PBXGroup;
			children = (
				70BE63D42657977F00F2678F /* Common */,
				70BE63C526578EAC00F2678F /* Application */,
				70BE63C426578E9C00F2678F /* Resources */,
				70BE63C326578E9500F2678F /* Sources */,
				70BE63B52657729900F2678F /* Info.plist */,
			);
			path = echoHackathon;
			sourceTree = "<group>";
		};
		70BE63C226578E8C00F2678F /* Extension */ = {
			isa = PBXGroup;
			children = (
				70A7B2D5265F6BD70003ED10 /* ViewController+makeAlert.swift */,
				70BE63E62657F20E00F2678F /* UIColor.swift */,
			);
			path = Extension;
			sourceTree = "<group>";
		};
		70BE63C326578E9500F2678F /* Sources */ = {
			isa = PBXGroup;
			children = (
				70BE63DD2657A27700F2678F /* Model */,
				70BE63AD2657729600F2678F /* Main.storyboard */,
				70A7B2E4265F98A20003ED10 /* DonateViewController.swift */,
				70BE63C826578EC100F2678F /* VC */,
			);
			path = Sources;
			sourceTree = "<group>";
		};
		70BE63C426578E9C00F2678F /* Resources */ = {
			isa = PBXGroup;
			children = (
				70BE63B02657729900F2678F /* Assets.xcassets */,
			);
			path = Resources;
			sourceTree = "<group>";
		};
		70BE63C526578EAC00F2678F /* Application */ = {
			isa = PBXGroup;
			children = (
				70BE63A72657729600F2678F /* AppDelegate.swift */,
				70BE63A92657729600F2678F /* SceneDelegate.swift */,
				70BE63B22657729900F2678F /* LaunchScreen.storyboard */,
			);
			path = Application;
			sourceTree = "<group>";
		};
		70BE63C826578EC100F2678F /* VC */ = {
			isa = PBXGroup;
			children = (
				70BE63BF26578E2200F2678F /* NavigationViewController.swift */,
				70BE63AB2657729600F2678F /* ViewController.swift */,
				70BE63BC265788D000F2678F /* MapViewController.swift */,
				70BE63CA2657915300F2678F /* ModeCVC.swift */,
				70BE63CB2657915300F2678F /* ModeCVC.xib */,
				70BE63CF2657917F00F2678F /* ElectronicTVC.swift */,
				70BE63D02657917F00F2678F /* ElectronicTVC.xib */,
				70A7B2D0265EBD050003ED10 /* CompareTVC.swift */,
				70A7B2D1265EBD050003ED10 /* CompareTVC.xib */,
				70A7B2E7265F99EB0003ED10 /* DonateTVC.swift */,
				70A7B2E8265F99EB0003ED10 /* DonateTVC.xib */,
				7076E8ED26668C3C003FC709 /* WebViewController.swift */,
			);
			path = VC;
			sourceTree = "<group>";
		};
		70BE63D42657977F00F2678F /* Common */ = {
			isa = PBXGroup;
			children = (
				70A7B2D9265F7E9E0003ED10 /* JSON */,
				70BE63D52657979A00F2678F /* Font */,
				70BE63C226578E8C00F2678F /* Extension */,
			);
			path = Common;
			sourceTree = "<group>";
		};
		70BE63D52657979A00F2678F /* Font */ = {
			isa = PBXGroup;
			children = (
				70BE63D72657983B00F2678F /* Font Awesome 5 Brands-Regular-400.otf */,
				70BE63D82657983B00F2678F /* Font Awesome 5 Free-Regular-400.otf */,
				70BE63D62657983B00F2678F /* Font Awesome 5 Free-Solid-900.otf */,
				7076E8E126664CFF003FC709 /* THEmpgtL_U.otf */,
				7076E8E426664D08003FC709 /* THEmpgtEB_U.otf */,
				7076E8E726664D10003FC709 /* THEmpgtR.otf */,
				7076E8EA26664D1D003FC709 /* THEmpgtM_U.otf */,
			);
			path = Font;
			sourceTree = "<group>";
		};
		70BE63DD2657A27700F2678F /* Model */ = {
			isa = PBXGroup;
			children = (
				70BE63E22657D7C400F2678F /* ModeModel.swift */,
				70BE63DE2657A29A00F2678F /* ElectronicModel.swift */,
			);
			path = Model;
			sourceTree = "<group>";
		};
		A6F73C927D8C03B4A4C9FD64 /* Pods */ = {
			isa = PBXGroup;
			children = (
				D61743783FDC8A03885641C3 /* Pods-echoHackathon.debug.xcconfig */,
				6CEAED4FF99B69F5B3BA410E /* Pods-echoHackathon.release.xcconfig */,
			);
			path = Pods;
			sourceTree = "<group>";
		};
/* End PBXGroup section */

/* Begin PBXNativeTarget section */
		70BE63A32657729600F2678F /* echoHackathon */ = {
			isa = PBXNativeTarget;
			buildConfigurationList = 70BE63B82657729900F2678F /* Build configuration list for PBXNativeTarget "echoHackathon" */;
			buildPhases = (
				EF3800243333691B94402A84 /* [CP] Check Pods Manifest.lock */,
				70BE63A02657729600F2678F /* Sources */,
				70BE63A12657729600F2678F /* Frameworks */,
				70BE63A22657729600F2678F /* Resources */,
				90F8F3B25AF8CAAA83557CB1 /* [CP] Embed Pods Frameworks */,
			);
			buildRules = (
			);
			dependencies = (
			);
			name = echoHackathon;
			productName = echoHackathon;
			productReference = 70BE63A42657729600F2678F /* echoHackathon.app */;
			productType = "com.apple.product-type.application";
		};
/* End PBXNativeTarget section */

/* Begin PBXProject section */
		70BE639C2657729600F2678F /* Project object */ = {
			isa = PBXProject;
			attributes = {
				LastSwiftUpdateCheck = 1230;
				LastUpgradeCheck = 1230;
				TargetAttributes = {
					70BE63A32657729600F2678F = {
						CreatedOnToolsVersion = 12.3;
					};
				};
			};
			buildConfigurationList = 70BE639F2657729600F2678F /* Build configuration list for PBXProject "echoHackathon" */;
			compatibilityVersion = "Xcode 9.3";
			developmentRegion = en;
			hasScannedForEncodings = 0;
			knownRegions = (
				en,
				Base,
			);
			mainGroup = 70BE639B2657729600F2678F;
			productRefGroup = 70BE63A52657729600F2678F /* Products */;
			projectDirPath = "";
			projectRoot = "";
			targets = (
				70BE63A32657729600F2678F /* echoHackathon */,
			);
		};
/* End PBXProject section */

/* Begin PBXResourcesBuildPhase section */
		70BE63A22657729600F2678F /* Resources */ = {
			isa = PBXResourcesBuildPhase;
			buildActionMask = 2147483647;
			files = (
				7076E8E526664D08003FC709 /* THEmpgtEB_U.otf in Resources */,
				70BE63D22657917F00F2678F /* ElectronicTVC.xib in Resources */,
				70BE63DB2657983B00F2678F /* Font Awesome 5 Free-Regular-400.otf in Resources */,
				70A7B2EA265F99EB0003ED10 /* DonateTVC.xib in Resources */,
				70BE63B42657729900F2678F /* LaunchScreen.storyboard in Resources */,
				70BE63CD2657915300F2678F /* ModeCVC.xib in Resources */,
				70A7B2DB265F7EAA0003ED10 /* center.json in Resources */,
				70BE63D92657983B00F2678F /* Font Awesome 5 Free-Solid-900.otf in Resources */,
				7076E8E826664D10003FC709 /* THEmpgtR.otf in Resources */,
				70BE63B12657729900F2678F /* Assets.xcassets in Resources */,
				70BE63DA2657983B00F2678F /* Font Awesome 5 Brands-Regular-400.otf in Resources */,
				7076E8E226664D00003FC709 /* THEmpgtL_U.otf in Resources */,
				70BE63AF2657729600F2678F /* Main.storyboard in Resources */,
				70A7B2D3265EBD050003ED10 /* CompareTVC.xib in Resources */,
				70A7B2DE265F7EBF0003ED10 /* avgs.json in Resources */,
				7076E8EB26664D1D003FC709 /* THEmpgtM_U.otf in Resources */,
			);
			runOnlyForDeploymentPostprocessing = 0;
		};
/* End PBXResourcesBuildPhase section */

/* Begin PBXShellScriptBuildPhase section */
		90F8F3B25AF8CAAA83557CB1 /* [CP] Embed Pods Frameworks */ = {
			isa = PBXShellScriptBuildPhase;
			buildActionMask = 2147483647;
			files = (
			);
			inputFileListPaths = (
				"${PODS_ROOT}/Target Support Files/Pods-echoHackathon/Pods-echoHackathon-frameworks-${CONFIGURATION}-input-files.xcfilelist",
			);
			name = "[CP] Embed Pods Frameworks";
			outputFileListPaths = (
				"${PODS_ROOT}/Target Support Files/Pods-echoHackathon/Pods-echoHackathon-frameworks-${CONFIGURATION}-output-files.xcfilelist",
			);
			runOnlyForDeploymentPostprocessing = 0;
			shellPath = /bin/sh;
			shellScript = "\"${PODS_ROOT}/Target Support Files/Pods-echoHackathon/Pods-echoHackathon-frameworks.sh\"\n";
			showEnvVarsInLog = 0;
		};
		EF3800243333691B94402A84 /* [CP] Check Pods Manifest.lock */ = {
			isa = PBXShellScriptBuildPhase;
			buildActionMask = 2147483647;
			files = (
			);
			inputFileListPaths = (
			);
			inputPaths = (
				"${PODS_PODFILE_DIR_PATH}/Podfile.lock",
				"${PODS_ROOT}/Manifest.lock",
			);
			name = "[CP] Check Pods Manifest.lock";
			outputFileListPaths = (
			);
			outputPaths = (
				"$(DERIVED_FILE_DIR)/Pods-echoHackathon-checkManifestLockResult.txt",
			);
			runOnlyForDeploymentPostprocessing = 0;
			shellPath = /bin/sh;
			shellScript = "diff \"${PODS_PODFILE_DIR_PATH}/Podfile.lock\" \"${PODS_ROOT}/Manifest.lock\" > /dev/null\nif [ $? != 0 ] ; then\n    # print error to STDERR\n    echo \"error: The sandbox is not in sync with the Podfile.lock. Run 'pod install' or update your CocoaPods installation.\" >&2\n    exit 1\nfi\n# This output is used by Xcode 'outputs' to avoid re-running this script phase.\necho \"SUCCESS\" > \"${SCRIPT_OUTPUT_FILE_0}\"\n";
			showEnvVarsInLog = 0;
		};
/* End PBXShellScriptBuildPhase section */

/* Begin PBXSourcesBuildPhase section */
		70BE63A02657729600F2678F /* Sources */ = {
			isa = PBXSourcesBuildPhase;
			buildActionMask = 2147483647;
			files = (
				70A7B2E9265F99EB0003ED10 /* DonateTVC.swift in Sources */,
				70BE63AC2657729600F2678F /* ViewController.swift in Sources */,
				70A7B2D6265F6BD70003ED10 /* ViewController+makeAlert.swift in Sources */,
				70BE63DF2657A29A00F2678F /* ElectronicModel.swift in Sources */,
				70BE63CC2657915300F2678F /* ModeCVC.swift in Sources */,
				70BE63A82657729600F2678F /* AppDelegate.swift in Sources */,
				70A7B2E5265F98A30003ED10 /* DonateViewController.swift in Sources */,
				70BE63AA2657729600F2678F /* SceneDelegate.swift in Sources */,
				70BE63E32657D7C500F2678F /* ModeModel.swift in Sources */,
				70A7B2D2265EBD050003ED10 /* CompareTVC.swift in Sources */,
				70BE63C026578E2200F2678F /* NavigationViewController.swift in Sources */,
				70BE63D12657917F00F2678F /* ElectronicTVC.swift in Sources */,
				70BE63BD265788D000F2678F /* MapViewController.swift in Sources */,
				7076E8EE26668C3E003FC709 /* WebViewController.swift in Sources */,
				70BE63E72657F20E00F2678F /* UIColor.swift in Sources */,
			);
			runOnlyForDeploymentPostprocessing = 0;
		};
/* End PBXSourcesBuildPhase section */

/* Begin PBXVariantGroup section */
		70BE63AD2657729600F2678F /* Main.storyboard */ = {
			isa = PBXVariantGroup;
			children = (
				70BE63AE2657729600F2678F /* Base */,
			);
			name = Main.storyboard;
			sourceTree = "<group>";
		};
		70BE63B22657729900F2678F /* LaunchScreen.storyboard */ = {
			isa = PBXVariantGroup;
			children = (
				70BE63B32657729900F2678F /* Base */,
			);
			name = LaunchScreen.storyboard;
			sourceTree = "<group>";
		};
/* End PBXVariantGroup section */

/* Begin XCBuildConfiguration section */
		70BE63B62657729900F2678F /* Debug */ = {
			isa = XCBuildConfiguration;
			buildSettings = {
				ALWAYS_SEARCH_USER_PATHS = NO;
				CLANG_ANALYZER_NONNULL = YES;
				CLANG_ANALYZER_NUMBER_OBJECT_CONVERSION = YES_AGGRESSIVE;
				CLANG_CXX_LANGUAGE_STANDARD = "gnu++14";
				CLANG_CXX_LIBRARY = "libc++";
				CLANG_ENABLE_MODULES = YES;
				CLANG_ENABLE_OBJC_ARC = YES;
				CLANG_ENABLE_OBJC_WEAK = YES;
				CLANG_WARN_BLOCK_CAPTURE_AUTORELEASING = YES;
				CLANG_WARN_BOOL_CONVERSION = YES;
				CLANG_WARN_COMMA = YES;
				CLANG_WARN_CONSTANT_CONVERSION = YES;
				CLANG_WARN_DEPRECATED_OBJC_IMPLEMENTATIONS = YES;
				CLANG_WARN_DIRECT_OBJC_ISA_USAGE = YES_ERROR;
				CLANG_WARN_DOCUMENTATION_COMMENTS = YES;
				CLANG_WARN_EMPTY_BODY = YES;
				CLANG_WARN_ENUM_CONVERSION = YES;
				CLANG_WARN_INFINITE_RECURSION = YES;
				CLANG_WARN_INT_CONVERSION = YES;
				CLANG_WARN_NON_LITERAL_NULL_CONVERSION = YES;
				CLANG_WARN_OBJC_IMPLICIT_RETAIN_SELF = YES;
				CLANG_WARN_OBJC_LITERAL_CONVERSION = YES;
				CLANG_WARN_OBJC_ROOT_CLASS = YES_ERROR;
				CLANG_WARN_QUOTED_INCLUDE_IN_FRAMEWORK_HEADER = YES;
				CLANG_WARN_RANGE_LOOP_ANALYSIS = YES;
				CLANG_WARN_STRICT_PROTOTYPES = YES;
				CLANG_WARN_SUSPICIOUS_MOVE = YES;
				CLANG_WARN_UNGUARDED_AVAILABILITY = YES_AGGRESSIVE;
				CLANG_WARN_UNREACHABLE_CODE = YES;
				CLANG_WARN__DUPLICATE_METHOD_MATCH = YES;
				COPY_PHASE_STRIP = NO;
				DEBUG_INFORMATION_FORMAT = dwarf;
				ENABLE_STRICT_OBJC_MSGSEND = YES;
				ENABLE_TESTABILITY = YES;
				GCC_C_LANGUAGE_STANDARD = gnu11;
				GCC_DYNAMIC_NO_PIC = NO;
				GCC_NO_COMMON_BLOCKS = YES;
				GCC_OPTIMIZATION_LEVEL = 0;
				GCC_PREPROCESSOR_DEFINITIONS = (
					"DEBUG=1",
					"$(inherited)",
				);
				GCC_WARN_64_TO_32_BIT_CONVERSION = YES;
				GCC_WARN_ABOUT_RETURN_TYPE = YES_ERROR;
				GCC_WARN_UNDECLARED_SELECTOR = YES;
				GCC_WARN_UNINITIALIZED_AUTOS = YES_AGGRESSIVE;
				GCC_WARN_UNUSED_FUNCTION = YES;
				GCC_WARN_UNUSED_VARIABLE = YES;
				IPHONEOS_DEPLOYMENT_TARGET = 14.3;
				MTL_ENABLE_DEBUG_INFO = INCLUDE_SOURCE;
				MTL_FAST_MATH = YES;
				ONLY_ACTIVE_ARCH = YES;
				SDKROOT = iphoneos;
				SWIFT_ACTIVE_COMPILATION_CONDITIONS = DEBUG;
				SWIFT_OPTIMIZATION_LEVEL = "-Onone";
			};
			name = Debug;
		};
		70BE63B72657729900F2678F /* Release */ = {
			isa = XCBuildConfiguration;
			buildSettings = {
				ALWAYS_SEARCH_USER_PATHS = NO;
				CLANG_ANALYZER_NONNULL = YES;
				CLANG_ANALYZER_NUMBER_OBJECT_CONVERSION = YES_AGGRESSIVE;
				CLANG_CXX_LANGUAGE_STANDARD = "gnu++14";
				CLANG_CXX_LIBRARY = "libc++";
				CLANG_ENABLE_MODULES = YES;
				CLANG_ENABLE_OBJC_ARC = YES;
				CLANG_ENABLE_OBJC_WEAK = YES;
				CLANG_WARN_BLOCK_CAPTURE_AUTORELEASING = YES;
				CLANG_WARN_BOOL_CONVERSION = YES;
				CLANG_WARN_COMMA = YES;
				CLANG_WARN_CONSTANT_CONVERSION = YES;
				CLANG_WARN_DEPRECATED_OBJC_IMPLEMENTATIONS = YES;
				CLANG_WARN_DIRECT_OBJC_ISA_USAGE = YES_ERROR;
				CLANG_WARN_DOCUMENTATION_COMMENTS = YES;
				CLANG_WARN_EMPTY_BODY = YES;
				CLANG_WARN_ENUM_CONVERSION = YES;
				CLANG_WARN_INFINITE_RECURSION = YES;
				CLANG_WARN_INT_CONVERSION = YES;
				CLANG_WARN_NON_LITERAL_NULL_CONVERSION = YES;
				CLANG_WARN_OBJC_IMPLICIT_RETAIN_SELF = YES;
				CLANG_WARN_OBJC_LITERAL_CONVERSION = YES;
				CLANG_WARN_OBJC_ROOT_CLASS = YES_ERROR;
				CLANG_WARN_QUOTED_INCLUDE_IN_FRAMEWORK_HEADER = YES;
				CLANG_WARN_RANGE_LOOP_ANALYSIS = YES;
				CLANG_WARN_STRICT_PROTOTYPES = YES;
				CLANG_WARN_SUSPICIOUS_MOVE = YES;
				CLANG_WARN_UNGUARDED_AVAILABILITY = YES_AGGRESSIVE;
				CLANG_WARN_UNREACHABLE_CODE = YES;
				CLANG_WARN__DUPLICATE_METHOD_MATCH = YES;
				COPY_PHASE_STRIP = NO;
				DEBUG_INFORMATION_FORMAT = "dwarf-with-dsym";
				ENABLE_NS_ASSERTIONS = NO;
				ENABLE_STRICT_OBJC_MSGSEND = YES;
				GCC_C_LANGUAGE_STANDARD = gnu11;
				GCC_NO_COMMON_BLOCKS = YES;
				GCC_WARN_64_TO_32_BIT_CONVERSION = YES;
				GCC_WARN_ABOUT_RETURN_TYPE = YES_ERROR;
				GCC_WARN_UNDECLARED_SELECTOR = YES;
				GCC_WARN_UNINITIALIZED_AUTOS = YES_AGGRESSIVE;
				GCC_WARN_UNUSED_FUNCTION = YES;
				GCC_WARN_UNUSED_VARIABLE = YES;
				IPHONEOS_DEPLOYMENT_TARGET = 14.3;
				MTL_ENABLE_DEBUG_INFO = NO;
				MTL_FAST_MATH = YES;
				SDKROOT = iphoneos;
				SWIFT_COMPILATION_MODE = wholemodule;
				SWIFT_OPTIMIZATION_LEVEL = "-O";
				VALIDATE_PRODUCT = YES;
			};
			name = Release;
		};
		70BE63B92657729900F2678F /* Debug */ = {
			isa = XCBuildConfiguration;
			baseConfigurationReference = D61743783FDC8A03885641C3 /* Pods-echoHackathon.debug.xcconfig */;
			buildSettings = {
				ASSETCATALOG_COMPILER_APPICON_NAME = AppIcon;
				ASSETCATALOG_COMPILER_GLOBAL_ACCENT_COLOR_NAME = AccentColor;
				CODE_SIGN_STYLE = Automatic;
				DEVELOPMENT_TEAM = 6925UVH9D7;
				INFOPLIST_FILE = echoHackathon/Info.plist;
				LD_RUNPATH_SEARCH_PATHS = (
					"$(inherited)",
					"@executable_path/Frameworks",
				);
				PRODUCT_BUNDLE_IDENTIFIER = com.jenny.echoHackathon;
				PRODUCT_NAME = "$(TARGET_NAME)";
				SWIFT_VERSION = 5.0;
				TARGETED_DEVICE_FAMILY = "1,2";
			};
			name = Debug;
		};
		70BE63BA2657729900F2678F /* Release */ = {
			isa = XCBuildConfiguration;
			baseConfigurationReference = 6CEAED4FF99B69F5B3BA410E /* Pods-echoHackathon.release.xcconfig */;
			buildSettings = {
				ASSETCATALOG_COMPILER_APPICON_NAME = AppIcon;
				ASSETCATALOG_COMPILER_GLOBAL_ACCENT_COLOR_NAME = AccentColor;
				CODE_SIGN_STYLE = Automatic;
				DEVELOPMENT_TEAM = 6925UVH9D7;
				INFOPLIST_FILE = echoHackathon/Info.plist;
				LD_RUNPATH_SEARCH_PATHS = (
					"$(inherited)",
					"@executable_path/Frameworks",
				);
				PRODUCT_BUNDLE_IDENTIFIER = com.jenny.echoHackathon;
				PRODUCT_NAME = "$(TARGET_NAME)";
				SWIFT_VERSION = 5.0;
				TARGETED_DEVICE_FAMILY = "1,2";
			};
			name = Release;
		};
/* End XCBuildConfiguration section */

/* Begin XCConfigurationList section */
		70BE639F2657729600F2678F /* Build configuration list for PBXProject "echoHackathon" */ = {
			isa = XCConfigurationList;
			buildConfigurations = (
				70BE63B62657729900F2678F /* Debug */,
				70BE63B72657729900F2678F /* Release */,
			);
			defaultConfigurationIsVisible = 0;
			defaultConfigurationName = Release;
		};
		70BE63B82657729900F2678F /* Build configuration list for PBXNativeTarget "echoHackathon" */ = {
			isa = XCConfigurationList;
			buildConfigurations = (
				70BE63B92657729900F2678F /* Debug */,
				70BE63BA2657729900F2678F /* Release */,
			);
			defaultConfigurationIsVisible = 0;
			defaultConfigurationName = Release;
		};
/* End XCConfigurationList section */
	};
	rootObject = 70BE639C2657729600F2678F /* Project object */;
}
